github.com/chmller/go-zabbix-sender v1.0.0 h1:tu0e+Hz66u8w4jg+TsyzfTsB/LektlZSC4plOTqNBGA=
github.com/chmller/go-zabbix-sender v1.0.0/go.mod h1:rCglOF4Wg1FVUtDaTLypOAp9LNqaGAtyz+6mR+5Q1g8=
github.com/claranet/go-zabbix-api v1.0.2 h1:R2vaHHYB9jpamMg2kQLUZy1cqvRw4fOnWuCr6Tm+OHg=
github.com/claranet/go-zabbix-api v1.0.2/go.mod h1:ZK0I4NKOPCumEza6i8R3iHkAk79munoWIqCxCvpnI/4=
github.com/hashicorp/go-version v1.6.0 h1:feTTfFNnjP967rlCxM/I9g701jU+RN74YKx2mOkIeek=
github.com/hashicorp/go-version v1.6.0/go.mod h1:fltr4n8CU8Ke44wwGCBoEymUuxUHl09ZGVZPK5anwXA=
gopkg.in/check.v1 v0.0.0-20161208181325-20d25e280405 h1:yhCVgyC4o1eVCa2tZl7eS0r+SDo693bJlVdllGtEeKM=
gopkg.in/check.v1 v0.0.0-20161208181325-20d25e280405/go.mod h1:Co6ibVJAznAaIkqp8huTwlJQCZ016jof/cbN4VW5Yz0=
gopkg.in/yaml.v3 v3.0.1 h1:fxVm/GzAzEWqLHuvctI91KS9hhNmmWOoWu0XTYJS7CA=
gopkg.in/yaml.v3 v3.0.1/go.mod h1:K4uyk7z7BCEPqu6E+C64Yfv1cQ7kz7rIZviUmN+EgEM=
